
Microsoft Visual Studio Solution File, Format Version 12.00
# Visual Studio Version 17
VisualStudioVersion = 17.11.35222.181
MinimumVisualStudioVersion = 10.0.40219.1
Project("{FAE04EC0-301F-11D3-BF4B-00C04F79EFBC}") = "Excercise_005_Garage", "Excercise_005_Garage.csproj", "{216FBBC0-221A-489F-9B17-92B0295E3119}"
EndProject
Global
	GlobalSection(SolutionConfigurationPlatforms) = preSolution
		Debug|Any CPU = Debug|Any CPU
		Release|Any CPU = Release|Any CPU
	EndGlobalSection
	GlobalSection(ProjectConfigurationPlatforms) = postSolution
		{216FBBC0-221A-489F-9B17-92B0295E3119}.Debug|Any CPU.ActiveCfg = Debug|Any CPU
		{216FBBC0-221A-489F-9B17-92B0295E3119}.Debug|Any CPU.Build.0 = Debug|Any CPU
		{216FBBC0-221A-489F-9B17-92B0295E3119}.Release|Any CPU.ActiveCfg = Release|Any CPU
		{216FBBC0-221A-489F-9B17-92B0295E3119}.Release|Any CPU.Build.0 = Release|Any CPU
	EndGlobalSection
	GlobalSection(SolutionProperties) = preSolution
		HideSolutionNode = FALSE
	EndGlobalSection
	GlobalSection(ExtensibilityGlobals) = postSolution
		SolutionGuid = {0B20A796-D25C-4165-B6FA-2FE92E50E61A}
	EndGlobalSection
EndGlobal
